{
  "version": 4,
  "terraform_version": "1.12.2",
  "serial": 1,
  "lineage": "fb7a2809-1143-ab65-aad5-92031ff706ff",
  "outputs": {},
  "resources": [
    {
      "mode": "managed",
      "type": "local_file",
      "name": "servers",
      "provider": "provider[\"registry.terraform.io/hashicorp/local\"]",
      "instances": [
        {
          "schema_version": 0,
          "attributes": {
            "content": "192.168.1.1\n192.168.1.2\n192.168.1.3\n",
            "content_base64": null,
            "content_base64sha256": "qj0OkvKyHfLW0RM1JQ8u+A3hGIudDmLUBgvygceP56Y=",
            "content_base64sha512": "vXyd2BNVJw2yIpU3Kw4ThsgK2vUEdmCDJXjWZWygXxvj6RlD1kxp4CXP++DlXUDk7w4dJawPyr7xSJjnQuZwOw==",
            "content_md5": "137938df3622136e85ab1a5b874c53cd",
            "content_sha1": "6fcf32d2ad0b3887195fb7c90a3786bc7a4b053b",
            "content_sha256": "aa3d0e92f2b21df2d6d11335250f2ef80de1188b9d0e62d4060bf281c78fe7a6",
            "content_sha512": "bd7c9dd81355270db22295372b0e1386c80adaf5047660832578d6656ca05f1be3e91943d64c69e025cffbe0e55d40e4ef0e1d25ac0fcabef14898e742e6703b",
            "directory_permission": "0777",
            "file_permission": "0777",
            "filename": "servers.txt",
            "id": "6fcf32d2ad0b3887195fb7c90a3786bc7a4b053b",
            "sensitive_content": null,
            "source": null
          },
          "sensitive_attributes": [
            [
              {
                "type": "get_attr",
                "value": "sensitive_content"
              }
            ]
          ],
          "identity_schema_version": 0
        }
      ]
    }
  ],
  "check_results": null
}
